
Microsoft Visual Studio Solution File, Format Version 12.00
# Visual Studio 15
VisualStudioVersion = 15.0.27130.2024
MinimumVisualStudioVersion = 10.0.40219.1
Project("{FAE04EC0-301F-11D3-BF4B-00C04F79EFBC}") = "LogMonitor", "LogMonitor\LogMonitor.csproj", "{AABF1E5B-4BCE-46BA-9273-CE9B00082CDF}"
EndProject
Global
	GlobalSection(SolutionConfigurationPlatforms) = preSolution
		Debug|Any CPU = Debug|Any CPU
		Release|Any CPU = Release|Any CPU
	EndGlobalSection
	GlobalSection(ProjectConfigurationPlatforms) = postSolution
		{AABF1E5B-4BCE-46BA-9273-CE9B00082CDF}.Debug|Any CPU.ActiveCfg = Debug|Any CPU
		{AABF1E5B-4BCE-46BA-9273-CE9B00082CDF}.Debug|Any CPU.Build.0 = Debug|Any CPU
		{AABF1E5B-4BCE-46BA-9273-CE9B00082CDF}.Release|Any CPU.ActiveCfg = Release|Any CPU
		{AABF1E5B-4BCE-46BA-9273-CE9B00082CDF}.Release|Any CPU.Build.0 = Release|Any CPU
	EndGlobalSection
	GlobalSection(SolutionProperties) = preSolution
		HideSolutionNode = FALSE
	EndGlobalSection
	GlobalSection(ExtensibilityGlobals) = postSolution
		SolutionGuid = {BC375E37-0F18-4545-A7E9-73E0641A2948}
	EndGlobalSection
EndGlobal
