
Microsoft Visual Studio Solution File, Format Version 12.00
# Visual Studio 15
VisualStudioVersion = 15.0.27130.2024
MinimumVisualStudioVersion = 10.0.40219.1
Project("{9A19103F-16F7-4668-BE54-9A1E7A4F7556}") = "Queue.Receiver.Sample", "Queue.Receiver.Sample\Queue.Receiver.Sample.csproj", "{4C07A863-9A74-4DD5-B1C7-C4F310CF0A59}"
EndProject
Global
	GlobalSection(SolutionConfigurationPlatforms) = preSolution
		Debug|Any CPU = Debug|Any CPU
		Release|Any CPU = Release|Any CPU
	EndGlobalSection
	GlobalSection(ProjectConfigurationPlatforms) = postSolution
		{4C07A863-9A74-4DD5-B1C7-C4F310CF0A59}.Debug|Any CPU.ActiveCfg = Debug|Any CPU
		{4C07A863-9A74-4DD5-B1C7-C4F310CF0A59}.Debug|Any CPU.Build.0 = Debug|Any CPU
		{4C07A863-9A74-4DD5-B1C7-C4F310CF0A59}.Release|Any CPU.ActiveCfg = Release|Any CPU
		{4C07A863-9A74-4DD5-B1C7-C4F310CF0A59}.Release|Any CPU.Build.0 = Release|Any CPU
	EndGlobalSection
	GlobalSection(SolutionProperties) = preSolution
		HideSolutionNode = FALSE
	EndGlobalSection
	GlobalSection(ExtensibilityGlobals) = postSolution
		SolutionGuid = {299F6CF4-8AEC-485E-A707-70690C5FD568}
	EndGlobalSection
EndGlobal
